{
  "name": "anytube-browser-dependencies",
  "lockfileVersion": 3,
  "requires": true,
  "packages": {
    "": {
      "name": "anytube-browser-dependencies",
      "dependencies": {
        "shaka-player": "5.2.9"
      }
    },
    "node_modules/shaka-player": {
      "version": "5.2.9",
      "resolved": "https://registry.npmjs.org/shaka-player/-/shaka-player-5.2.9.tgz",
      "integrity": "sha512-tPeq2yv3Z9pQJskn5+0X5ys7cG5cX+CHfkIlVVahZ+RG4buTrgEwDh8cM7dmwVCUF7Pc6SW7wKbgp29/TGeP8Q==",
      "license": "Apache-2.0",
      "engines": {
        "node": ">=18"
      }
    }
  }
}
